
Microsoft Visual Studio Solution File, Format Version 12.00
# Visual Studio Version 17
VisualStudioVersion = 17.5.002.0
MinimumVisualStudioVersion = 10.0.40219.1
Project("{2150E333-8FDC-42A3-9474-1A3956D46DE8}") = "src", "src", "{06CA4B60-D1D4-483F-8E34-C4CFB07BFC0D}"
EndProject
Project("{9A19103F-16F7-4668-BE54-9A1E7A4F7556}") = "Taiseiue.Nenga2025", "src\Taiseiue.Nenga2025\Taiseiue.Nenga2025.csproj", "{CB21AD6A-092F-4512-8B0E-9BB5FD3D8055}"
EndProject
Global
	GlobalSection(SolutionConfigurationPlatforms) = preSolution
		Debug|Any CPU = Debug|Any CPU
		Release|Any CPU = Release|Any CPU
	EndGlobalSection
	GlobalSection(ProjectConfigurationPlatforms) = postSolution
		{CB21AD6A-092F-4512-8B0E-9BB5FD3D8055}.Debug|Any CPU.ActiveCfg = Debug|Any CPU
		{CB21AD6A-092F-4512-8B0E-9BB5FD3D8055}.Debug|Any CPU.Build.0 = Debug|Any CPU
		{CB21AD6A-092F-4512-8B0E-9BB5FD3D8055}.Release|Any CPU.ActiveCfg = Release|Any CPU
		{CB21AD6A-092F-4512-8B0E-9BB5FD3D8055}.Release|Any CPU.Build.0 = Release|Any CPU
	EndGlobalSection
	GlobalSection(SolutionProperties) = preSolution
		HideSolutionNode = FALSE
	EndGlobalSection
	GlobalSection(NestedProjects) = preSolution
		{CB21AD6A-092F-4512-8B0E-9BB5FD3D8055} = {06CA4B60-D1D4-483F-8E34-C4CFB07BFC0D}
	EndGlobalSection
	GlobalSection(ExtensibilityGlobals) = postSolution
		SolutionGuid = {795FE489-C530-42D2-80B7-829D7B676165}
	EndGlobalSection
EndGlobal
